
Microsoft Visual Studio Solution File, Format Version 12.00
# Visual Studio Version 16
VisualStudioVersion = 16.0.30114.105
MinimumVisualStudioVersion = 10.0.40219.1
Project("{FAE04EC0-301F-11D3-BF4B-00C04F79EFBC}") = "BoilerplateService", "BoilerplateService\BoilerplateService.csproj", "{EF26F62E-AD7F-4111-AEB5-64E428CC8BA2}"
EndProject
Project("{FAE04EC0-301F-11D3-BF4B-00C04F79EFBC}") = "BoilerplateService.UnitTest", "BoilerplateService.UnitTest\BoilerplateService.UnitTest.csproj", "{527C3203-0E50-4E7D-9294-16EB5F20C0CC}"
EndProject
Global
	GlobalSection(SolutionConfigurationPlatforms) = preSolution
		Debug|Any CPU = Debug|Any CPU
		Release|Any CPU = Release|Any CPU
	EndGlobalSection
	GlobalSection(SolutionProperties) = preSolution
		HideSolutionNode = FALSE
	EndGlobalSection
	GlobalSection(ProjectConfigurationPlatforms) = postSolution
		{EF26F62E-AD7F-4111-AEB5-64E428CC8BA2}.Debug|Any CPU.ActiveCfg = Debug|Any CPU
		{EF26F62E-AD7F-4111-AEB5-64E428CC8BA2}.Debug|Any CPU.Build.0 = Debug|Any CPU
		{EF26F62E-AD7F-4111-AEB5-64E428CC8BA2}.Release|Any CPU.ActiveCfg = Release|Any CPU
		{EF26F62E-AD7F-4111-AEB5-64E428CC8BA2}.Release|Any CPU.Build.0 = Release|Any CPU
		{527C3203-0E50-4E7D-9294-16EB5F20C0CC}.Debug|Any CPU.ActiveCfg = Debug|Any CPU
		{527C3203-0E50-4E7D-9294-16EB5F20C0CC}.Debug|Any CPU.Build.0 = Debug|Any CPU
		{527C3203-0E50-4E7D-9294-16EB5F20C0CC}.Release|Any CPU.ActiveCfg = Release|Any CPU
		{527C3203-0E50-4E7D-9294-16EB5F20C0CC}.Release|Any CPU.Build.0 = Release|Any CPU
	EndGlobalSection
EndGlobal
